
Microsoft Visual Studio Solution File, Format Version 12.00
# Visual Studio Version 16
VisualStudioVersion = 16.0.30907.101
MinimumVisualStudioVersion = 10.0.40219.1
Project("{9A19103F-16F7-4668-BE54-9A1E7A4F7556}") = "DataAccess", "DataAccess\DataAccess.csproj", "{1A3E3449-D9D7-4C6A-B1CA-4E7A0472D2E4}"
EndProject
Project("{9A19103F-16F7-4668-BE54-9A1E7A4F7556}") = "Business", "Business\Business.csproj", "{20267BC9-592F-4F15-A7FF-B3E1C97985B5}"
EndProject
Project("{9A19103F-16F7-4668-BE54-9A1E7A4F7556}") = "Entities", "Entities\Entities.csproj", "{9D73062D-3E98-42FB-8289-B98C9D558100}"
EndProject
Project("{9A19103F-16F7-4668-BE54-9A1E7A4F7556}") = "ConsoleUI", "ConsoleUI\ConsoleUI.csproj", "{C6FCBCAE-F3B3-4240-926D-4F3CD91E6F31}"
EndProject
Project("{FAE04EC0-301F-11D3-BF4B-00C04F79EFBC}") = "Core", "Core\Core.csproj", "{D499115E-EF1F-44C9-81DB-94EFAF2321A1}"
EndProject
Global
	GlobalSection(SolutionConfigurationPlatforms) = preSolution
		Debug|Any CPU = Debug|Any CPU
		Release|Any CPU = Release|Any CPU
	EndGlobalSection
	GlobalSection(ProjectConfigurationPlatforms) = postSolution
		{1A3E3449-D9D7-4C6A-B1CA-4E7A0472D2E4}.Debug|Any CPU.ActiveCfg = Debug|Any CPU
		{1A3E3449-D9D7-4C6A-B1CA-4E7A0472D2E4}.Debug|Any CPU.Build.0 = Debug|Any CPU
		{1A3E3449-D9D7-4C6A-B1CA-4E7A0472D2E4}.Release|Any CPU.ActiveCfg = Release|Any CPU
		{1A3E3449-D9D7-4C6A-B1CA-4E7A0472D2E4}.Release|Any CPU.Build.0 = Release|Any CPU
		{20267BC9-592F-4F15-A7FF-B3E1C97985B5}.Debug|Any CPU.ActiveCfg = Debug|Any CPU
		{20267BC9-592F-4F15-A7FF-B3E1C97985B5}.Debug|Any CPU.Build.0 = Debug|Any CPU
		{20267BC9-592F-4F15-A7FF-B3E1C97985B5}.Release|Any CPU.ActiveCfg = Release|Any CPU
		{20267BC9-592F-4F15-A7FF-B3E1C97985B5}.Release|Any CPU.Build.0 = Release|Any CPU
		{9D73062D-3E98-42FB-8289-B98C9D558100}.Debug|Any CPU.ActiveCfg = Debug|Any CPU
		{9D73062D-3E98-42FB-8289-B98C9D558100}.Debug|Any CPU.Build.0 = Debug|Any CPU
		{9D73062D-3E98-42FB-8289-B98C9D558100}.Release|Any CPU.ActiveCfg = Release|Any CPU
		{9D73062D-3E98-42FB-8289-B98C9D558100}.Release|Any CPU.Build.0 = Release|Any CPU
		{C6FCBCAE-F3B3-4240-926D-4F3CD91E6F31}.Debug|Any CPU.ActiveCfg = Debug|Any CPU
		{C6FCBCAE-F3B3-4240-926D-4F3CD91E6F31}.Debug|Any CPU.Build.0 = Debug|Any CPU
		{C6FCBCAE-F3B3-4240-926D-4F3CD91E6F31}.Release|Any CPU.ActiveCfg = Release|Any CPU
		{C6FCBCAE-F3B3-4240-926D-4F3CD91E6F31}.Release|Any CPU.Build.0 = Release|Any CPU
		{D499115E-EF1F-44C9-81DB-94EFAF2321A1}.Debug|Any CPU.ActiveCfg = Debug|Any CPU
		{D499115E-EF1F-44C9-81DB-94EFAF2321A1}.Debug|Any CPU.Build.0 = Debug|Any CPU
		{D499115E-EF1F-44C9-81DB-94EFAF2321A1}.Release|Any CPU.ActiveCfg = Release|Any CPU
		{D499115E-EF1F-44C9-81DB-94EFAF2321A1}.Release|Any CPU.Build.0 = Release|Any CPU
	EndGlobalSection
	GlobalSection(SolutionProperties) = preSolution
		HideSolutionNode = FALSE
	EndGlobalSection
	GlobalSection(ExtensibilityGlobals) = postSolution
		SolutionGuid = {02C68A87-0BA5-45C6-8970-4C2E09EEA6E4}
	EndGlobalSection
EndGlobal
